
Microsoft Visual Studio Solution File, Format Version 12.00
# Visual Studio Version 16
VisualStudioVersion = 16.0.31129.286
MinimumVisualStudioVersion = 10.0.40219.1
Project("{FAE04EC0-301F-11D3-BF4B-00C04F79EFBC}") = "Win calculator", "Win calculator\Win calculator.csproj", "{BDBD990C-C715-4CA3-ABAB-2802B88AF0FE}"
EndProject
Global
	GlobalSection(SolutionConfigurationPlatforms) = preSolution
		Debug|Any CPU = Debug|Any CPU
		Release|Any CPU = Release|Any CPU
	EndGlobalSection
	GlobalSection(ProjectConfigurationPlatforms) = postSolution
		{BDBD990C-C715-4CA3-ABAB-2802B88AF0FE}.Debug|Any CPU.ActiveCfg = Debug|Any CPU
		{BDBD990C-C715-4CA3-ABAB-2802B88AF0FE}.Debug|Any CPU.Build.0 = Debug|Any CPU
		{BDBD990C-C715-4CA3-ABAB-2802B88AF0FE}.Release|Any CPU.ActiveCfg = Release|Any CPU
		{BDBD990C-C715-4CA3-ABAB-2802B88AF0FE}.Release|Any CPU.Build.0 = Release|Any CPU
	EndGlobalSection
	GlobalSection(SolutionProperties) = preSolution
		HideSolutionNode = FALSE
	EndGlobalSection
	GlobalSection(ExtensibilityGlobals) = postSolution
		SolutionGuid = {11E0E4D4-7CBE-4C03-AE28-A32EEE0DA944}
	EndGlobalSection
EndGlobal
